{
  "requires": true,
  "lockfileVersion": 1,
  "dependencies": {
    "foundation-sites": {
      "version": "6.5.3",
      "resolved": "https://registry.npmjs.org/foundation-sites/-/foundation-sites-6.5.3.tgz",
      "integrity": "sha512-ZwI0idjHHjezh6jRjpPxkczvmtUuJ1uGatZHpyloX0MvsFHfM0BFoxrqdXryXugGPdmb+yJi3JYMnz6+5t3K1A=="
    },
    "jquery": {
      "version": "3.4.1",
      "resolved": "https://registry.npmjs.org/jquery/-/jquery-3.4.1.tgz",
      "integrity": "sha512-36+AdBzCL+y6qjw5Tx7HgzeGCzC81MDDgaUP8ld2zhx58HdqXGoBd+tHdrBMiyjGQs0Hxs/MLZTu/eHNJJuWPw=="
    },
    "ngx-dropdown-list": {
      "version": "1.1.1",
      "resolved": "https://registry.npmjs.org/ngx-dropdown-list/-/ngx-dropdown-list-1.1.1.tgz",
      "integrity": "sha512-dlKufNjFj5ZTaZfHUNScmH3pE8ahcZiaMqUVaN6rDvNCpfk2m1YjFK4wlSIsLLK8DKW/FxuTHmquVP/ijSUerQ==",
      "requires": {
        "tslib": "^1.9.0"
      }
    },
    "tslib": {
      "version": "1.10.0",
      "resolved": "https://registry.npmjs.org/tslib/-/tslib-1.10.0.tgz",
      "integrity": "sha512-qOebF53frne81cf0S9B41ByenJ3/IuH8yJKngAX35CmiZySA0khhkovshKK+jGCaMnVomla7gVlIcc3EvKPbTQ=="
    }
  }
}
